
Microsoft Visual Studio Solution File, Format Version 12.00
# Visual Studio Version 17
VisualStudioVersion = 17.7.34221.43
MinimumVisualStudioVersion = 10.0.40219.1
Project("{FAE04EC0-301F-11D3-BF4B-00C04F79EFBC}") = "Animal", "Animal.csproj", "{ED078937-2B9F-475A-A1BD-24249AA595F2}"
EndProject
Global
	GlobalSection(SolutionConfigurationPlatforms) = preSolution
		Debug|Any CPU = Debug|Any CPU
		Release|Any CPU = Release|Any CPU
	EndGlobalSection
	GlobalSection(ProjectConfigurationPlatforms) = postSolution
		{ED078937-2B9F-475A-A1BD-24249AA595F2}.Debug|Any CPU.ActiveCfg = Debug|Any CPU
		{ED078937-2B9F-475A-A1BD-24249AA595F2}.Debug|Any CPU.Build.0 = Debug|Any CPU
		{ED078937-2B9F-475A-A1BD-24249AA595F2}.Release|Any CPU.ActiveCfg = Release|Any CPU
		{ED078937-2B9F-475A-A1BD-24249AA595F2}.Release|Any CPU.Build.0 = Release|Any CPU
	EndGlobalSection
	GlobalSection(SolutionProperties) = preSolution
		HideSolutionNode = FALSE
	EndGlobalSection
	GlobalSection(ExtensibilityGlobals) = postSolution
		SolutionGuid = {5EF23908-A9BD-4B7B-B3EA-B64C413CA1B1}
	EndGlobalSection
EndGlobal
