
Microsoft Visual Studio Solution File, Format Version 12.00
# Visual Studio Version 17
VisualStudioVersion = 17.7.34221.43
MinimumVisualStudioVersion = 10.0.40219.1
Project("{FAE04EC0-301F-11D3-BF4B-00C04F79EFBC}") = "StringBuilderExample", "StringBuilderExample.csproj", "{5A9016A9-9AD3-43B4-8C56-2AF80D59941F}"
EndProject
Global
	GlobalSection(SolutionConfigurationPlatforms) = preSolution
		Debug|Any CPU = Debug|Any CPU
		Release|Any CPU = Release|Any CPU
	EndGlobalSection
	GlobalSection(ProjectConfigurationPlatforms) = postSolution
		{5A9016A9-9AD3-43B4-8C56-2AF80D59941F}.Debug|Any CPU.ActiveCfg = Debug|Any CPU
		{5A9016A9-9AD3-43B4-8C56-2AF80D59941F}.Debug|Any CPU.Build.0 = Debug|Any CPU
		{5A9016A9-9AD3-43B4-8C56-2AF80D59941F}.Release|Any CPU.ActiveCfg = Release|Any CPU
		{5A9016A9-9AD3-43B4-8C56-2AF80D59941F}.Release|Any CPU.Build.0 = Release|Any CPU
	EndGlobalSection
	GlobalSection(SolutionProperties) = preSolution
		HideSolutionNode = FALSE
	EndGlobalSection
	GlobalSection(ExtensibilityGlobals) = postSolution
		SolutionGuid = {59467DF1-3777-4152-B03C-23E0A4C1205F}
	EndGlobalSection
EndGlobal
